<?xml version="1.0" encoding="utf-8"?>
<Project ToolsVersion="4.0" xmlns="http://schemas.microsoft.com/developer/msbuild/2003">
  <ItemGroup>
    <Filter Include="Materials\Shaders">
      <UniqueIdentifier>{2b89d47e-08ef-4a63-9b0d-479d5f934f36}</UniqueIdentifier>
    </Filter>
    <Filter Include="Materials">
      <UniqueIdentifier>{2fe1708b-552f-49f8-9fc4-79b0ce07ec36}</UniqueIdentifier>
    </Filter>
  </ItemGroup>
  <ItemGroup>
    <None Include="Materials\Shaders\default.frag">
      <Filter>Materials\Shaders</Filter>
    </None>
    <None Include="Materials\Shaders\default.vert">
      <Filter>Materials\Shaders</Filter>
    </None>
    <None Include="ClassDiagram.cd" />
  </ItemGroup>
  <ItemGroup>
    <ClCompile Include="ArrangedMesh.cpp" />
    <ClCompile Include="CullLayerRenderer.cpp" />
    <ClCompile Include="PreCullingRenderer.cpp" />
    <ClCompile Include="FakeCam.cpp" />
    <ClCompile Include="GameWindow.cpp" />
    <ClCompile Include="InputModule.cpp" />
    <ClCompile Include="FileManager.cpp" />
    <ClCompile Include="InstancedRenderer.cpp" />
    <ClCompile Include="Mesh.cpp" />
    <ClCompile Include="MeshModel.cpp" />
    <ClCompile Include="MeshModifier.cpp" />
    <ClCompile Include="MoveCamera.cpp" />
    <ClCompile Include="PartRenderer.cpp" />
    <ClCompile Include="ObjectPool.cpp" />
    <ClCompile Include="Renderer.cpp" />
    <ClCompile Include="Shader.cpp" />
    <ClCompile Include="SimpleEngine.cpp" />
    <ClCompile Include="PreCullingRenderer_Split.cpp" />
    <ClCompile Include="Texture.cpp" />
    <ClCompile Include="TimeChecker.cpp" />
    <ClCompile Include="main.cpp" />
    <ClCompile Include="Lights\DirectionalLight.cpp" />
    <ClCompile Include="Lights\BaseLight.cpp" />
    <ClCompile Include="Lights\PointLight.cpp" />
    <ClCompile Include="ImaginaryFigures\ImaginaryCube.cpp" />
    <ClCompile Include="ImaginaryFigures\ImaginaryDisk.cpp" />
    <ClCompile Include="ImaginaryFigures\ImaginaryPlane.cpp" />
    <ClCompile Include="ImaginaryFigures\ImaginarySphere.cpp" />
    <ClCompile Include="Scenes\TestScene.cpp" />
    <ClCompile Include="Scenes\TestScene2.cpp" />
    <ClCompile Include="Skybox\Skybox.cpp" />
    <ClCompile Include="Skybox\EmptySkyBox.cpp" />
    <ClCompile Include="Bases\Camera.cpp" />
    <ClCompile Include="Bases\GameObject.cpp" />
    <ClCompile Include="Bases\Transform.cpp" />
    <ClCompile Include="Time.cpp" />
    <ClCompile Include="EngineResource.cpp" />
    <ClCompile Include="SimpleMath.cpp" />
    <ClCompile Include="Scenes\Scene.cpp" />
  </ItemGroup>
  <ItemGroup>
    <ClInclude Include="ArrangedMesh.h" />
    <ClInclude Include="CullLayerRenderer.h" />
    <ClInclude Include="PreCullingRenderer.h" />
    <ClInclude Include="FakeCam.h" />
    <ClInclude Include="GameWindow.h" />
    <ClInclude Include="InputModule.h" />
    <ClInclude Include="InstancedRenderer.h" />
    <ClInclude Include="FileManager.h" />
    <ClInclude Include="Mesh.h" />
    <ClInclude Include="MeshModel.h" />
    <ClInclude Include="MeshModifier.h" />
    <ClInclude Include="MoveCamera.h" />
    <ClInclude Include="PartRenderer.h" />
    <ClInclude Include="ObjectPool.h" />
    <ClInclude Include="Renderer.h" />
    <ClInclude Include="Shader.h" />
    <ClInclude Include="SimpleEngine.h" />
    <ClInclude Include="PreCullingRenderer_Split.h" />
    <ClInclude Include="Texture.h" />
    <ClInclude Include="TimeChecker.h" />
    <ClInclude Include="Lights\DirectionalLight.h" />
    <ClInclude Include="Lights\BaseLight.h" />
    <ClInclude Include="Lights\PointLight.h" />
    <ClInclude Include="Lights\LightsBundle.h" />
    <ClInclude Include="ImaginaryFigures\ImaginaryCube.h" />
    <ClInclude Include="ImaginaryFigures\ImaginaryDisk.h" />
    <ClInclude Include="ImaginaryFigures\ImaginaryFigures.h" />
    <ClInclude Include="ImaginaryFigures\ImaginaryPlane.h" />
    <ClInclude Include="ImaginaryFigures\ImaginarySphere.h" />
    <ClInclude Include="Scenes\TestScene.h" />
    <ClInclude Include="Scenes\TestScene2.h" />
    <ClInclude Include="Scenes\SceneBundle.h" />
    <ClInclude Include="Scenes\SceneIncludes.h" />
    <ClInclude Include="Skybox\Skybox.h" />
    <ClInclude Include="Skybox\EmptySkyBox.h" />
    <ClInclude Include="Skybox\SkyboxBundle.h" />
    <ClInclude Include="Bases\Camera.h" />
    <ClInclude Include="Bases\GameObject.h" />
    <ClInclude Include="Bases\Transform.h" />
    <ClInclude Include="Bases\BasesBundle.h" />
    <ClInclude Include="Time.h" />
    <ClInclude Include="EngineResource.h" />
    <ClInclude Include="SimpleMath.h" />
    <ClInclude Include="Bases\IUpdatable.h" />
    <ClInclude Include="Bases\IComponent.h" />
    <ClInclude Include="Scenes\Scene.h" />
  </ItemGroup>
</Project>