<?xml version="1.0" encoding="utf-8"?>
<Project ToolsVersion="4.0" xmlns="http://schemas.microsoft.com/developer/msbuild/2003">
  <ItemGroup>
    <Filter Include="Materials\Shaders">
      <UniqueIdentifier>{2b89d47e-08ef-4a63-9b0d-479d5f934f36}</UniqueIdentifier>
    </Filter>
    <Filter Include="Materials">
      <UniqueIdentifier>{2fe1708b-552f-49f8-9fc4-79b0ce07ec36}</UniqueIdentifier>
    </Filter>
  </ItemGroup>
  <ItemGroup>
    <None Include="Materials\Shaders\default.frag">
      <Filter>Materials\Shaders</Filter>
    </None>
    <None Include="Materials\Shaders\default.vert">
      <Filter>Materials\Shaders</Filter>
    </None>
  </ItemGroup>
  <ItemGroup>
    <ClCompile Include="GameWindow.cpp" />
    <ClCompile Include="FileManager.cpp" />
    <ClCompile Include="SimpleEngine.cpp" />
    <ClCompile Include="main.cpp" />
    <ClCompile Include="Lights\DirectionalLight.cpp" />
    <ClCompile Include="Lights\BaseLight.cpp" />
    <ClCompile Include="Lights\PointLight.cpp" />
    <ClCompile Include="ImaginaryFigures\ImaginaryCube.cpp" />
    <ClCompile Include="ImaginaryFigures\ImaginaryDisk.cpp" />
    <ClCompile Include="ImaginaryFigures\ImaginaryPlane.cpp" />
    <ClCompile Include="ImaginaryFigures\ImaginarySphere.cpp" />
    <ClCompile Include="Scenes\TestScene.cpp" />
    <ClCompile Include="Scenes\TestScene2.cpp" />
    <ClCompile Include="Skybox\Skybox.cpp" />
    <ClCompile Include="Skybox\EmptySkyBox.cpp" />
    <ClCompile Include="Bases\Camera.cpp" />
    <ClCompile Include="Bases\GameObject.cpp" />
    <ClCompile Include="Bases\Transform.cpp" />
    <ClCompile Include="Scenes\Scene.cpp" />
    <ClCompile Include="Mesh\Mesh.cpp" />
    <ClCompile Include="Mesh\MeshModel.cpp" />
    <ClCompile Include="Mesh\MeshModifier.cpp" />
    <ClCompile Include="Mesh\ArrangedMesh.cpp" />
    <ClCompile Include="Render\CullLayerRenderer.cpp" />
    <ClCompile Include="Render\PartRenderer.cpp" />
    <ClCompile Include="Render\PreCullingRenderer.cpp" />
    <ClCompile Include="Render\PreCullingRenderer_Split.cpp" />
    <ClCompile Include="Render\Renderer.cpp" />
    <ClCompile Include="Render\Shader.cpp" />
    <ClCompile Include="Render\Texture.cpp" />
    <ClCompile Include="Render\InstancedRenderer.cpp" />
    <ClCompile Include="Bases\InputModule.cpp" />
    <ClCompile Include="Bases\EngineResource.cpp" />
    <ClCompile Include="Bases\SimpleMath.cpp" />
    <ClCompile Include="Bases\Time.cpp" />
    <ClCompile Include="Scenes\ObjectPool.cpp" />
    <ClCompile Include="Scripts\MoveCamera.cpp" />
    <ClCompile Include="Scripts\TimeChecker.cpp" />
    <ClCompile Include="Scripts\FakeCam.cpp" />
  </ItemGroup>
  <ItemGroup>
    <ClInclude Include="GameWindow.h" />
    <ClInclude Include="FileManager.h" />
    <ClInclude Include="SimpleEngine.h" />
    <ClInclude Include="Lights\DirectionalLight.h" />
    <ClInclude Include="Lights\BaseLight.h" />
    <ClInclude Include="Lights\PointLight.h" />
    <ClInclude Include="Lights\LightsBundle.h" />
    <ClInclude Include="ImaginaryFigures\ImaginaryCube.h" />
    <ClInclude Include="ImaginaryFigures\ImaginaryDisk.h" />
    <ClInclude Include="ImaginaryFigures\ImaginaryFigures.h" />
    <ClInclude Include="ImaginaryFigures\ImaginaryPlane.h" />
    <ClInclude Include="ImaginaryFigures\ImaginarySphere.h" />
    <ClInclude Include="Scenes\TestScene.h" />
    <ClInclude Include="Scenes\TestScene2.h" />
    <ClInclude Include="Scenes\SceneBundle.h" />
    <ClInclude Include="Scenes\SceneIncludes.h" />
    <ClInclude Include="Skybox\Skybox.h" />
    <ClInclude Include="Skybox\EmptySkyBox.h" />
    <ClInclude Include="Skybox\SkyboxBundle.h" />
    <ClInclude Include="Bases\Camera.h" />
    <ClInclude Include="Bases\GameObject.h" />
    <ClInclude Include="Bases\Transform.h" />
    <ClInclude Include="Bases\BasesBundle.h" />
    <ClInclude Include="Bases\IUpdatable.h" />
    <ClInclude Include="Bases\IComponent.h" />
    <ClInclude Include="Scenes\Scene.h" />
    <ClInclude Include="Mesh\Mesh.h" />
    <ClInclude Include="Mesh\MeshModel.h" />
    <ClInclude Include="Mesh\MeshModifier.h" />
    <ClInclude Include="Mesh\MeshBundle.h" />
    <ClInclude Include="Mesh\ArrangedMesh.h" />
    <ClInclude Include="Render\CullLayerRenderer.h" />
    <ClInclude Include="Render\PartRenderer.h" />
    <ClInclude Include="Render\PreCullingRenderer.h" />
    <ClInclude Include="Render\PreCullingRenderer_Split.h" />
    <ClInclude Include="Render\Renderer.h" />
    <ClInclude Include="Render\Shader.h" />
    <ClInclude Include="Render\Texture.h" />
    <ClInclude Include="Render\RenderBundle.h" />
    <ClInclude Include="Render\InstancedRenderer.h" />
    <ClInclude Include="Bases\InputModule.h" />
    <ClInclude Include="Bases\EngineResource.h" />
    <ClInclude Include="Bases\SimpleMath.h" />
    <ClInclude Include="Bases\Time.h" />
    <ClInclude Include="Scenes\ObjectPool.h" />
    <ClInclude Include="Scripts\MoveCamera.h" />
    <ClInclude Include="Scripts\TimeChecker.h" />
    <ClInclude Include="Scripts\FakeCam.h" />
    <ClInclude Include="Scripts\ScriptBundle.h" />
  </ItemGroup>
</Project>